
Microsoft Visual Studio Solution File, Format Version 12.00
# Visual Studio Version 17
VisualStudioVersion = 17.4.33110.190
MinimumVisualStudioVersion = 10.0.40219.1
Project("{9A19103F-16F7-4668-BE54-9A1E7A4F7556}") = "GGjNantonaku", "..\GGjNantonaku\GGjNantonaku.csproj", "{1694E7D9-486D-46D5-A985-7E68CF588711}"
EndProject
Project("{D954291E-2A0B-460D-934E-DC6B0785DB48}") = "GameLibrary", "GameLibrary\GameLibrary.shproj", "{A0CDBD0E-3A41-42B7-9425-A838BC2C7383}"
EndProject
Project("{9A19103F-16F7-4668-BE54-9A1E7A4F7556}") = "SimulatorLibrary", "..\..\..\..\SFWorldSimulator\SimulatorLibrary\SimulatorLibrary.csproj", "{7109773B-38AC-49C1-B21A-C8FDB709A820}"
EndProject
Project("{9A19103F-16F7-4668-BE54-9A1E7A4F7556}") = "SFSimulatorLibrary", "..\..\..\..\SFWorldSimulator\SFSimulatorLibrary\SFSimulatorLibrary.csproj", "{D082DFF3-7DD2-43AE-B043-924B6AA26A1D}"
EndProject
Global
	GlobalSection(SolutionConfigurationPlatforms) = preSolution
		Debug|Any CPU = Debug|Any CPU
		Release|Any CPU = Release|Any CPU
	EndGlobalSection
	GlobalSection(ProjectConfigurationPlatforms) = postSolution
		{1694E7D9-486D-46D5-A985-7E68CF588711}.Debug|Any CPU.ActiveCfg = Debug|Any CPU
		{1694E7D9-486D-46D5-A985-7E68CF588711}.Debug|Any CPU.Build.0 = Debug|Any CPU
		{1694E7D9-486D-46D5-A985-7E68CF588711}.Release|Any CPU.ActiveCfg = Release|Any CPU
		{1694E7D9-486D-46D5-A985-7E68CF588711}.Release|Any CPU.Build.0 = Release|Any CPU
		{7109773B-38AC-49C1-B21A-C8FDB709A820}.Debug|Any CPU.ActiveCfg = Debug|Any CPU
		{7109773B-38AC-49C1-B21A-C8FDB709A820}.Debug|Any CPU.Build.0 = Debug|Any CPU
		{7109773B-38AC-49C1-B21A-C8FDB709A820}.Release|Any CPU.ActiveCfg = Release|Any CPU
		{7109773B-38AC-49C1-B21A-C8FDB709A820}.Release|Any CPU.Build.0 = Release|Any CPU
		{D082DFF3-7DD2-43AE-B043-924B6AA26A1D}.Debug|Any CPU.ActiveCfg = Debug|Any CPU
		{D082DFF3-7DD2-43AE-B043-924B6AA26A1D}.Debug|Any CPU.Build.0 = Debug|Any CPU
		{D082DFF3-7DD2-43AE-B043-924B6AA26A1D}.Release|Any CPU.ActiveCfg = Release|Any CPU
		{D082DFF3-7DD2-43AE-B043-924B6AA26A1D}.Release|Any CPU.Build.0 = Release|Any CPU
	EndGlobalSection
	GlobalSection(SolutionProperties) = preSolution
		HideSolutionNode = FALSE
	EndGlobalSection
	GlobalSection(ExtensibilityGlobals) = postSolution
		SolutionGuid = {4368C00D-6493-44DF-A5C8-AA1087CA5974}
	EndGlobalSection
	GlobalSection(SharedMSBuildProjectFiles) = preSolution
		GameLibrary\GameLibrary.projitems*{a0cdbd0e-3a41-42b7-9425-a838bc2c7383}*SharedItemsImports = 13
	EndGlobalSection
EndGlobal
