
Microsoft Visual Studio Solution File, Format Version 12.00
# Visual Studio Version 17
VisualStudioVersion = 17.4.33110.190
MinimumVisualStudioVersion = 10.0.40219.1
Project("{9A19103F-16F7-4668-BE54-9A1E7A4F7556}") = "SFSimulator", "SFSimulator.csproj", "{DCC10F17-41FC-48E1-BCD5-17A9F4493EA4}"
EndProject
Global
	GlobalSection(SolutionConfigurationPlatforms) = preSolution
		Debug|Any CPU = Debug|Any CPU
		Release|Any CPU = Release|Any CPU
	EndGlobalSection
	GlobalSection(ProjectConfigurationPlatforms) = postSolution
		{DCC10F17-41FC-48E1-BCD5-17A9F4493EA4}.Debug|Any CPU.ActiveCfg = Debug|Any CPU
		{DCC10F17-41FC-48E1-BCD5-17A9F4493EA4}.Debug|Any CPU.Build.0 = Debug|Any CPU
		{DCC10F17-41FC-48E1-BCD5-17A9F4493EA4}.Release|Any CPU.ActiveCfg = Release|Any CPU
		{DCC10F17-41FC-48E1-BCD5-17A9F4493EA4}.Release|Any CPU.Build.0 = Release|Any CPU
	EndGlobalSection
	GlobalSection(SolutionProperties) = preSolution
		HideSolutionNode = FALSE
	EndGlobalSection
	GlobalSection(ExtensibilityGlobals) = postSolution
		SolutionGuid = {4368C00D-6493-44DF-A5C8-AA1087CA5974}
	EndGlobalSection
EndGlobal
